
Microsoft Visual Studio Solution File, Format Version 12.00
# Visual Studio 2013
VisualStudioVersion = 12.0.30723.0
MinimumVisualStudioVersion = 10.0.40219.1
Project("{FAE04EC0-301F-11D3-BF4B-00C04F79EFBC}") = "SerialPortDebug", "SerialPortDebug\SerialPortDebug.csproj", "{0B2D8F05-A728-4F50-8C3B-B4F72E1AA6E6}"
EndProject
Project("{6141683F-8A12-4E36-9623-2EB02B2C2303}") = "SerialPort-Wei", "SerialPort-Wei\SerialPort-Wei.isproj", "{4BB2993F-1BDE-4DAF-B2DE-5243C4C13474}"
	ProjectSection(ProjectDependencies) = postProject
		{0B2D8F05-A728-4F50-8C3B-B4F72E1AA6E6} = {0B2D8F05-A728-4F50-8C3B-B4F72E1AA6E6}
	EndProjectSection
EndProject
Global
	GlobalSection(SolutionConfigurationPlatforms) = preSolution
		CD_ROM|Any CPU = CD_ROM|Any CPU
		Debug|Any CPU = Debug|Any CPU
		DVD-5|Any CPU = DVD-5|Any CPU
		Release|Any CPU = Release|Any CPU
		SingleImage|Any CPU = SingleImage|Any CPU
	EndGlobalSection
	GlobalSection(ProjectConfigurationPlatforms) = postSolution
		{0B2D8F05-A728-4F50-8C3B-B4F72E1AA6E6}.CD_ROM|Any CPU.ActiveCfg = Release|Any CPU
		{0B2D8F05-A728-4F50-8C3B-B4F72E1AA6E6}.CD_ROM|Any CPU.Build.0 = Release|Any CPU
		{0B2D8F05-A728-4F50-8C3B-B4F72E1AA6E6}.Debug|Any CPU.ActiveCfg = Debug|Any CPU
		{0B2D8F05-A728-4F50-8C3B-B4F72E1AA6E6}.Debug|Any CPU.Build.0 = Debug|Any CPU
		{0B2D8F05-A728-4F50-8C3B-B4F72E1AA6E6}.DVD-5|Any CPU.ActiveCfg = Debug|Any CPU
		{0B2D8F05-A728-4F50-8C3B-B4F72E1AA6E6}.DVD-5|Any CPU.Build.0 = Debug|Any CPU
		{0B2D8F05-A728-4F50-8C3B-B4F72E1AA6E6}.Release|Any CPU.ActiveCfg = Release|Any CPU
		{0B2D8F05-A728-4F50-8C3B-B4F72E1AA6E6}.Release|Any CPU.Build.0 = Release|Any CPU
		{0B2D8F05-A728-4F50-8C3B-B4F72E1AA6E6}.SingleImage|Any CPU.ActiveCfg = Release|Any CPU
		{0B2D8F05-A728-4F50-8C3B-B4F72E1AA6E6}.SingleImage|Any CPU.Build.0 = Release|Any CPU
		{4BB2993F-1BDE-4DAF-B2DE-5243C4C13474}.CD_ROM|Any CPU.ActiveCfg = CD_ROM
		{4BB2993F-1BDE-4DAF-B2DE-5243C4C13474}.CD_ROM|Any CPU.Build.0 = CD_ROM
		{4BB2993F-1BDE-4DAF-B2DE-5243C4C13474}.Debug|Any CPU.ActiveCfg = SingleImage
		{4BB2993F-1BDE-4DAF-B2DE-5243C4C13474}.Debug|Any CPU.Build.0 = SingleImage
		{4BB2993F-1BDE-4DAF-B2DE-5243C4C13474}.DVD-5|Any CPU.ActiveCfg = DVD-5
		{4BB2993F-1BDE-4DAF-B2DE-5243C4C13474}.DVD-5|Any CPU.Build.0 = DVD-5
		{4BB2993F-1BDE-4DAF-B2DE-5243C4C13474}.Release|Any CPU.ActiveCfg = SingleImage
		{4BB2993F-1BDE-4DAF-B2DE-5243C4C13474}.Release|Any CPU.Build.0 = SingleImage
		{4BB2993F-1BDE-4DAF-B2DE-5243C4C13474}.SingleImage|Any CPU.ActiveCfg = SingleImage
		{4BB2993F-1BDE-4DAF-B2DE-5243C4C13474}.SingleImage|Any CPU.Build.0 = SingleImage
	EndGlobalSection
	GlobalSection(SolutionProperties) = preSolution
		HideSolutionNode = FALSE
	EndGlobalSection
EndGlobal
